
Microsoft Visual Studio Solution File, Format Version 12.00
# Visual Studio Version 17
VisualStudioVersion = 17.5.33424.131
MinimumVisualStudioVersion = 10.0.40219.1
Project("{FAE04EC0-301F-11D3-BF4B-00C04F79EFBC}") = "ModalModelessPrac", "ModalModelessPrac\ModalModelessPrac.csproj", "{A6F4E4F1-E6CE-4F62-90BD-5594FF89E3BF}"
EndProject
Global
	GlobalSection(SolutionConfigurationPlatforms) = preSolution
		Debug|Any CPU = Debug|Any CPU
		Release|Any CPU = Release|Any CPU
	EndGlobalSection
	GlobalSection(ProjectConfigurationPlatforms) = postSolution
		{A6F4E4F1-E6CE-4F62-90BD-5594FF89E3BF}.Debug|Any CPU.ActiveCfg = Debug|Any CPU
		{A6F4E4F1-E6CE-4F62-90BD-5594FF89E3BF}.Debug|Any CPU.Build.0 = Debug|Any CPU
		{A6F4E4F1-E6CE-4F62-90BD-5594FF89E3BF}.Release|Any CPU.ActiveCfg = Release|Any CPU
		{A6F4E4F1-E6CE-4F62-90BD-5594FF89E3BF}.Release|Any CPU.Build.0 = Release|Any CPU
	EndGlobalSection
	GlobalSection(SolutionProperties) = preSolution
		HideSolutionNode = FALSE
	EndGlobalSection
	GlobalSection(ExtensibilityGlobals) = postSolution
		SolutionGuid = {EAC6E935-12AC-469A-AFB7-08E143613C87}
	EndGlobalSection
EndGlobal
